# THIS IS AN AUTOGENERATED FILE. DO NOT EDIT THIS FILE DIRECTLY.
# yarn lockfile v1


"@clack/core@^0.3.3":
  version "0.3.3"
  resolved "https://registry.yarnpkg.com/@clack/core/-/core-0.3.3.tgz#233ccebf779aa5a66fc68ee48df5e58cd226fd94"
  integrity sha512-5ZGyb75BUBjlll6eOa1m/IZBxwk91dooBWhPSL67sWcLS0zt9SnswRL0l26TVdBhb0wnWORRxUn//uH6n4z7+A==
  dependencies:
    picocolors "^1.0.0"
    sisteransi "^1.0.5"

"@clack/prompts@^0.7.0":
  version "0.7.0"
  resolved "https://registry.yarnpkg.com/@clack/prompts/-/prompts-0.7.0.tgz#6aaef48ea803d91cce12bc80811cfcb8de2e75ea"
  integrity sha512-0MhX9/B4iL6Re04jPrttDm+BsP8y6mS7byuv0BvXgdXhbV5PdlsHt55dvNsuBCPZ7xq1oTAOOuotR9NFbQyMSA==
  dependencies:
    "@clack/core" "^0.3.3"
    picocolors "^1.0.0"
    sisteransi "^1.0.5"

is-unicode-supported@^1.3.0:
  version "1.3.0"
  resolved "https://registry.yarnpkg.com/is-unicode-supported/-/is-unicode-supported-1.3.0.tgz#d824984b616c292a2e198207d4a609983842f714"
  integrity sha512-43r2mRvz+8JRIKnWJ+3j8JtjRKZ6GmjzfaE/qiBJnikNnYv/6bagRJ1kUhNk8R5EX/GkobD+r+sfxCPJsiKBLQ==

picocolors@^1.0.0:
  version "1.0.0"
  resolved "https://registry.yarnpkg.com/picocolors/-/picocolors-1.0.0.tgz#cb5bdc74ff3f51892236eaf79d68bc44564ab81c"
  integrity sha512-1fygroTLlHu66zi26VoTDv8yRgm0Fccecssto+MhsZ0D/DGW2sm8E8AjW7NU5VVTRt5GxbeZ5qBuJr+HyLYkjQ==

sisteransi@^1.0.5:
  version "1.0.5"
  resolved "https://registry.yarnpkg.com/sisteransi/-/sisteransi-1.0.5.tgz#134d681297756437cc05ca01370d3a7a571075ed"
  integrity sha512-bLGGlR1QxBcynn2d5YmDX4MGjlZvy2MRBDRNHLJ8VI6l6+9FUiyTFNJ0IveOSP0bcXgVDPRcfGqA0pjaqUpfVg==
